
Microsoft Visual Studio Solution File, Format Version 12.00
# Visual Studio Version 16
VisualStudioVersion = 16.0.29709.97
MinimumVisualStudioVersion = 10.0.40219.1
Project("{888888A0-9F3D-457C-B088-3A5042F75D52}") = "Pix2Pix_Auto_Prune", "Pix2Pix_Auto_Prune\Pix2Pix_Auto_Prune.pyproj", "{35C157AE-16EE-488B-8384-E591BD86E9E8}"
EndProject
Global
	GlobalSection(SolutionConfigurationPlatforms) = preSolution
		Debug|Any CPU = Debug|Any CPU
		Release|Any CPU = Release|Any CPU
	EndGlobalSection
	GlobalSection(ProjectConfigurationPlatforms) = postSolution
		{35C157AE-16EE-488B-8384-E591BD86E9E8}.Debug|Any CPU.ActiveCfg = Debug|Any CPU
		{35C157AE-16EE-488B-8384-E591BD86E9E8}.Release|Any CPU.ActiveCfg = Release|Any CPU
	EndGlobalSection
	GlobalSection(SolutionProperties) = preSolution
		HideSolutionNode = FALSE
	EndGlobalSection
	GlobalSection(ExtensibilityGlobals) = postSolution
		SolutionGuid = {AC4ECFD7-894F-44DB-9687-159EB2B10757}
	EndGlobalSection
EndGlobal
